
Microsoft Visual Studio Solution File, Format Version 12.00
# Visual Studio Version 16
VisualStudioVersion = 16.0.30413.136
MinimumVisualStudioVersion = 10.0.40219.1
Project("{D954291E-2A0B-460D-934E-DC6B0785DB48}") = "CV2.Shared", "CV2.Shared\CV2.Shared.shproj", "{6279C845-92F8-4333-AB99-3D213163593C}"
EndProject
Project("{FAE04EC0-301F-11D3-BF4B-00C04F79EFBC}") = "CV2.Droid", "CV2.Droid\CV2.Droid.csproj", "{6A448E93-9D10-4134-B9B7-782C4C8A8859}"
EndProject
Project("{FAE04EC0-301F-11D3-BF4B-00C04F79EFBC}") = "CV2.iOS", "CV2.iOS\CV2.iOS.csproj", "{C098F591-42A1-43B4-A821-E852C099CFE5}"
EndProject
Project("{FAE04EC0-301F-11D3-BF4B-00C04F79EFBC}") = "CV2.UWP", "CV2.UWP\CV2.UWP.csproj", "{9559BDA7-34EE-44AE-95A3-40AA84350133}"
EndProject
Project("{FAE04EC0-301F-11D3-BF4B-00C04F79EFBC}") = "CV2.Wasm", "CV2.Wasm\CV2.Wasm.csproj", "{E28BE475-40B3-4CE5-B43E-4C760FFCE62E}"
EndProject
Project("{FAE04EC0-301F-11D3-BF4B-00C04F79EFBC}") = "CV2.macOS", "CV2.macOS\CV2.macOS.csproj", "{2BD96006-EB9E-4AFD-9FA3-B1F73B77AC10}"
EndProject
Global
	GlobalSection(SharedMSBuildProjectFiles) = preSolution
		CV2.Shared\CV2.Shared.projitems*{2bd96006-eb9e-4afd-9fa3-b1f73b77ac10}*SharedItemsImports = 4
		CV2.Shared\CV2.Shared.projitems*{6279c845-92f8-4333-ab99-3d213163593c}*SharedItemsImports = 13
		CV2.Shared\CV2.Shared.projitems*{6a448e93-9d10-4134-b9b7-782c4c8a8859}*SharedItemsImports = 4
		CV2.Shared\CV2.Shared.projitems*{9559bda7-34ee-44ae-95a3-40aa84350133}*SharedItemsImports = 4
		CV2.Shared\CV2.Shared.projitems*{c098f591-42a1-43b4-a821-e852c099cfe5}*SharedItemsImports = 4
		CV2.Shared\CV2.Shared.projitems*{e28be475-40b3-4ce5-b43e-4c760ffce62e}*SharedItemsImports = 5
	EndGlobalSection
	GlobalSection(SolutionConfigurationPlatforms) = preSolution
		Ad-Hoc|Any CPU = Ad-Hoc|Any CPU
		Ad-Hoc|ARM = Ad-Hoc|ARM
		Ad-Hoc|ARM64 = Ad-Hoc|ARM64
		Ad-Hoc|iPhone = Ad-Hoc|iPhone
		Ad-Hoc|iPhoneSimulator = Ad-Hoc|iPhoneSimulator
		Ad-Hoc|x64 = Ad-Hoc|x64
		Ad-Hoc|x86 = Ad-Hoc|x86
		AppStore|Any CPU = AppStore|Any CPU
		AppStore|ARM = AppStore|ARM
		AppStore|ARM64 = AppStore|ARM64
		AppStore|iPhone = AppStore|iPhone
		AppStore|iPhoneSimulator = AppStore|iPhoneSimulator
		AppStore|x64 = AppStore|x64
		AppStore|x86 = AppStore|x86
		Debug|Any CPU = Debug|Any CPU
		Debug|ARM = Debug|ARM
		Debug|ARM64 = Debug|ARM64
		Debug|iPhone = Debug|iPhone
		Debug|iPhoneSimulator = Debug|iPhoneSimulator
		Debug|x64 = Debug|x64
		Debug|x86 = Debug|x86
		Release|Any CPU = Release|Any CPU
		Release|ARM = Release|ARM
		Release|ARM64 = Release|ARM64
		Release|iPhone = Release|iPhone
		Release|iPhoneSimulator = Release|iPhoneSimulator
		Release|x64 = Release|x64
		Release|x86 = Release|x86
	EndGlobalSection
	GlobalSection(ProjectConfigurationPlatforms) = postSolution
		{6A448E93-9D10-4134-B9B7-782C4C8A8859}.Ad-Hoc|Any CPU.ActiveCfg = Release|Any CPU
		{6A448E93-9D10-4134-B9B7-782C4C8A8859}.Ad-Hoc|Any CPU.Build.0 = Release|Any CPU
		{6A448E93-9D10-4134-B9B7-782C4C8A8859}.Ad-Hoc|Any CPU.Deploy.0 = Release|Any CPU
		{6A448E93-9D10-4134-B9B7-782C4C8A8859}.Ad-Hoc|ARM.ActiveCfg = Release|Any CPU
		{6A448E93-9D10-4134-B9B7-782C4C8A8859}.Ad-Hoc|ARM.Build.0 = Release|Any CPU
		{6A448E93-9D10-4134-B9B7-782C4C8A8859}.Ad-Hoc|ARM.Deploy.0 = Release|Any CPU
		{6A448E93-9D10-4134-B9B7-782C4C8A8859}.Ad-Hoc|ARM64.ActiveCfg = Release|Any CPU
		{6A448E93-9D10-4134-B9B7-782C4C8A8859}.Ad-Hoc|ARM64.Build.0 = Release|Any CPU
		{6A448E93-9D10-4134-B9B7-782C4C8A8859}.Ad-Hoc|ARM64.Deploy.0 = Release|Any CPU
		{6A448E93-9D10-4134-B9B7-782C4C8A8859}.Ad-Hoc|iPhone.ActiveCfg = Release|Any CPU
		{6A448E93-9D10-4134-B9B7-782C4C8A8859}.Ad-Hoc|iPhone.Build.0 = Release|Any CPU
		{6A448E93-9D10-4134-B9B7-782C4C8A8859}.Ad-Hoc|iPhone.Deploy.0 = Release|Any CPU
		{6A448E93-9D10-4134-B9B7-782C4C8A8859}.Ad-Hoc|iPhoneSimulator.ActiveCfg = Release|Any CPU
		{6A448E93-9D10-4134-B9B7-782C4C8A8859}.Ad-Hoc|iPhoneSimulator.Build.0 = Release|Any CPU
		{6A448E93-9D10-4134-B9B7-782C4C8A8859}.Ad-Hoc|iPhoneSimulator.Deploy.0 = Release|Any CPU
		{6A448E93-9D10-4134-B9B7-782C4C8A8859}.Ad-Hoc|x64.ActiveCfg = Release|Any CPU
		{6A448E93-9D10-4134-B9B7-782C4C8A8859}.Ad-Hoc|x64.Build.0 = Release|Any CPU
		{6A448E93-9D10-4134-B9B7-782C4C8A8859}.Ad-Hoc|x64.Deploy.0 = Release|Any CPU
		{6A448E93-9D10-4134-B9B7-782C4C8A8859}.Ad-Hoc|x86.ActiveCfg = Release|Any CPU
		{6A448E93-9D10-4134-B9B7-782C4C8A8859}.Ad-Hoc|x86.Build.0 = Release|Any CPU
		{6A448E93-9D10-4134-B9B7-782C4C8A8859}.Ad-Hoc|x86.Deploy.0 = Release|Any CPU
		{6A448E93-9D10-4134-B9B7-782C4C8A8859}.AppStore|Any CPU.ActiveCfg = Release|Any CPU
		{6A448E93-9D10-4134-B9B7-782C4C8A8859}.AppStore|Any CPU.Build.0 = Release|Any CPU
		{6A448E93-9D10-4134-B9B7-782C4C8A8859}.AppStore|Any CPU.Deploy.0 = Release|Any CPU
		{6A448E93-9D10-4134-B9B7-782C4C8A8859}.AppStore|ARM.ActiveCfg = Release|Any CPU
		{6A448E93-9D10-4134-B9B7-782C4C8A8859}.AppStore|ARM.Build.0 = Release|Any CPU
		{6A448E93-9D10-4134-B9B7-782C4C8A8859}.AppStore|ARM.Deploy.0 = Release|Any CPU
		{6A448E93-9D10-4134-B9B7-782C4C8A8859}.AppStore|ARM64.ActiveCfg = Release|Any CPU
		{6A448E93-9D10-4134-B9B7-782C4C8A8859}.AppStore|ARM64.Build.0 = Release|Any CPU
		{6A448E93-9D10-4134-B9B7-782C4C8A8859}.AppStore|ARM64.Deploy.0 = Release|Any CPU
		{6A448E93-9D10-4134-B9B7-782C4C8A8859}.AppStore|iPhone.ActiveCfg = Release|Any CPU
		{6A448E93-9D10-4134-B9B7-782C4C8A8859}.AppStore|iPhone.Build.0 = Release|Any CPU
		{6A448E93-9D10-4134-B9B7-782C4C8A8859}.AppStore|iPhone.Deploy.0 = Release|Any CPU
		{6A448E93-9D10-4134-B9B7-782C4C8A8859}.AppStore|iPhoneSimulator.ActiveCfg = Release|Any CPU
		{6A448E93-9D10-4134-B9B7-782C4C8A8859}.AppStore|iPhoneSimulator.Build.0 = Release|Any CPU
		{6A448E93-9D10-4134-B9B7-782C4C8A8859}.AppStore|iPhoneSimulator.Deploy.0 = Release|Any CPU
		{6A448E93-9D10-4134-B9B7-782C4C8A8859}.AppStore|x64.ActiveCfg = Release|Any CPU
		{6A448E93-9D10-4134-B9B7-782C4C8A8859}.AppStore|x64.Build.0 = Release|Any CPU
		{6A448E93-9D10-4134-B9B7-782C4C8A8859}.AppStore|x64.Deploy.0 = Release|Any CPU
		{6A448E93-9D10-4134-B9B7-782C4C8A8859}.AppStore|x86.ActiveCfg = Release|Any CPU
		{6A448E93-9D10-4134-B9B7-782C4C8A8859}.AppStore|x86.Build.0 = Release|Any CPU
		{6A448E93-9D10-4134-B9B7-782C4C8A8859}.AppStore|x86.Deploy.0 = Release|Any CPU
		{6A448E93-9D10-4134-B9B7-782C4C8A8859}.Debug|Any CPU.ActiveCfg = Debug|Any CPU
		{6A448E93-9D10-4134-B9B7-782C4C8A8859}.Debug|Any CPU.Build.0 = Debug|Any CPU
		{6A448E93-9D10-4134-B9B7-782C4C8A8859}.Debug|Any CPU.Deploy.0 = Debug|Any CPU
		{6A448E93-9D10-4134-B9B7-782C4C8A8859}.Debug|ARM.ActiveCfg = Debug|Any CPU
		{6A448E93-9D10-4134-B9B7-782C4C8A8859}.Debug|ARM.Build.0 = Debug|Any CPU
		{6A448E93-9D10-4134-B9B7-782C4C8A8859}.Debug|ARM.Deploy.0 = Debug|Any CPU
		{6A448E93-9D10-4134-B9B7-782C4C8A8859}.Debug|ARM64.ActiveCfg = Debug|Any CPU
		{6A448E93-9D10-4134-B9B7-782C4C8A8859}.Debug|ARM64.Build.0 = Debug|Any CPU
		{6A448E93-9D10-4134-B9B7-782C4C8A8859}.Debug|ARM64.Deploy.0 = Debug|Any CPU
		{6A448E93-9D10-4134-B9B7-782C4C8A8859}.Debug|iPhone.ActiveCfg = Debug|Any CPU
		{6A448E93-9D10-4134-B9B7-782C4C8A8859}.Debug|iPhone.Build.0 = Debug|Any CPU
		{6A448E93-9D10-4134-B9B7-782C4C8A8859}.Debug|iPhone.Deploy.0 = Debug|Any CPU
		{6A448E93-9D10-4134-B9B7-782C4C8A8859}.Debug|iPhoneSimulator.ActiveCfg = Debug|Any CPU
		{6A448E93-9D10-4134-B9B7-782C4C8A8859}.Debug|iPhoneSimulator.Build.0 = Debug|Any CPU
		{6A448E93-9D10-4134-B9B7-782C4C8A8859}.Debug|iPhoneSimulator.Deploy.0 = Debug|Any CPU
		{6A448E93-9D10-4134-B9B7-782C4C8A8859}.Debug|x64.ActiveCfg = Debug|Any CPU
		{6A448E93-9D10-4134-B9B7-782C4C8A8859}.Debug|x64.Build.0 = Debug|Any CPU
		{6A448E93-9D10-4134-B9B7-782C4C8A8859}.Debug|x64.Deploy.0 = Debug|Any CPU
		{6A448E93-9D10-4134-B9B7-782C4C8A8859}.Debug|x86.ActiveCfg = Debug|Any CPU
		{6A448E93-9D10-4134-B9B7-782C4C8A8859}.Debug|x86.Build.0 = Debug|Any CPU
		{6A448E93-9D10-4134-B9B7-782C4C8A8859}.Debug|x86.Deploy.0 = Debug|Any CPU
		{6A448E93-9D10-4134-B9B7-782C4C8A8859}.Release|Any CPU.ActiveCfg = Release|Any CPU
		{6A448E93-9D10-4134-B9B7-782C4C8A8859}.Release|Any CPU.Build.0 = Release|Any CPU
		{6A448E93-9D10-4134-B9B7-782C4C8A8859}.Release|Any CPU.Deploy.0 = Release|Any CPU
		{6A448E93-9D10-4134-B9B7-782C4C8A8859}.Release|ARM.ActiveCfg = Release|Any CPU
		{6A448E93-9D10-4134-B9B7-782C4C8A8859}.Release|ARM.Build.0 = Release|Any CPU
		{6A448E93-9D10-4134-B9B7-782C4C8A8859}.Release|ARM.Deploy.0 = Release|Any CPU
		{6A448E93-9D10-4134-B9B7-782C4C8A8859}.Release|ARM64.ActiveCfg = Release|Any CPU
		{6A448E93-9D10-4134-B9B7-782C4C8A8859}.Release|ARM64.Build.0 = Release|Any CPU
		{6A448E93-9D10-4134-B9B7-782C4C8A8859}.Release|ARM64.Deploy.0 = Release|Any CPU
		{6A448E93-9D10-4134-B9B7-782C4C8A8859}.Release|iPhone.ActiveCfg = Release|Any CPU
		{6A448E93-9D10-4134-B9B7-782C4C8A8859}.Release|iPhone.Build.0 = Release|Any CPU
		{6A448E93-9D10-4134-B9B7-782C4C8A8859}.Release|iPhone.Deploy.0 = Release|Any CPU
		{6A448E93-9D10-4134-B9B7-782C4C8A8859}.Release|iPhoneSimulator.ActiveCfg = Release|Any CPU
		{6A448E93-9D10-4134-B9B7-782C4C8A8859}.Release|iPhoneSimulator.Build.0 = Release|Any CPU
		{6A448E93-9D10-4134-B9B7-782C4C8A8859}.Release|iPhoneSimulator.Deploy.0 = Release|Any CPU
		{6A448E93-9D10-4134-B9B7-782C4C8A8859}.Release|x64.ActiveCfg = Release|Any CPU
		{6A448E93-9D10-4134-B9B7-782C4C8A8859}.Release|x64.Build.0 = Release|Any CPU
		{6A448E93-9D10-4134-B9B7-782C4C8A8859}.Release|x64.Deploy.0 = Release|Any CPU
		{6A448E93-9D10-4134-B9B7-782C4C8A8859}.Release|x86.ActiveCfg = Release|Any CPU
		{6A448E93-9D10-4134-B9B7-782C4C8A8859}.Release|x86.Build.0 = Release|Any CPU
		{6A448E93-9D10-4134-B9B7-782C4C8A8859}.Release|x86.Deploy.0 = Release|Any CPU
		{C098F591-42A1-43B4-A821-E852C099CFE5}.Ad-Hoc|Any CPU.ActiveCfg = Ad-Hoc|iPhone
		{C098F591-42A1-43B4-A821-E852C099CFE5}.Ad-Hoc|ARM.ActiveCfg = Ad-Hoc|iPhone
		{C098F591-42A1-43B4-A821-E852C099CFE5}.Ad-Hoc|ARM64.ActiveCfg = Ad-Hoc|iPhone
		{C098F591-42A1-43B4-A821-E852C099CFE5}.Ad-Hoc|iPhone.ActiveCfg = Ad-Hoc|iPhone
		{C098F591-42A1-43B4-A821-E852C099CFE5}.Ad-Hoc|iPhone.Build.0 = Ad-Hoc|iPhone
		{C098F591-42A1-43B4-A821-E852C099CFE5}.Ad-Hoc|iPhoneSimulator.ActiveCfg = Ad-Hoc|iPhoneSimulator
		{C098F591-42A1-43B4-A821-E852C099CFE5}.Ad-Hoc|iPhoneSimulator.Build.0 = Ad-Hoc|iPhoneSimulator
		{C098F591-42A1-43B4-A821-E852C099CFE5}.Ad-Hoc|x64.ActiveCfg = Ad-Hoc|iPhone
		{C098F591-42A1-43B4-A821-E852C099CFE5}.Ad-Hoc|x86.ActiveCfg = Ad-Hoc|iPhone
		{C098F591-42A1-43B4-A821-E852C099CFE5}.AppStore|Any CPU.ActiveCfg = AppStore|iPhone
		{C098F591-42A1-43B4-A821-E852C099CFE5}.AppStore|ARM.ActiveCfg = AppStore|iPhone
		{C098F591-42A1-43B4-A821-E852C099CFE5}.AppStore|ARM64.ActiveCfg = AppStore|iPhone
		{C098F591-42A1-43B4-A821-E852C099CFE5}.AppStore|iPhone.ActiveCfg = AppStore|iPhone
		{C098F591-42A1-43B4-A821-E852C099CFE5}.AppStore|iPhone.Build.0 = AppStore|iPhone
		{C098F591-42A1-43B4-A821-E852C099CFE5}.AppStore|iPhoneSimulator.ActiveCfg = AppStore|iPhoneSimulator
		{C098F591-42A1-43B4-A821-E852C099CFE5}.AppStore|iPhoneSimulator.Build.0 = AppStore|iPhoneSimulator
		{C098F591-42A1-43B4-A821-E852C099CFE5}.AppStore|x64.ActiveCfg = AppStore|iPhone
		{C098F591-42A1-43B4-A821-E852C099CFE5}.AppStore|x86.ActiveCfg = AppStore|iPhone
		{C098F591-42A1-43B4-A821-E852C099CFE5}.Debug|Any CPU.ActiveCfg = Debug|iPhone
		{C098F591-42A1-43B4-A821-E852C099CFE5}.Debug|ARM.ActiveCfg = Debug|iPhone
		{C098F591-42A1-43B4-A821-E852C099CFE5}.Debug|ARM64.ActiveCfg = Debug|iPhone
		{C098F591-42A1-43B4-A821-E852C099CFE5}.Debug|iPhone.ActiveCfg = Debug|iPhone
		{C098F591-42A1-43B4-A821-E852C099CFE5}.Debug|iPhone.Build.0 = Debug|iPhone
		{C098F591-42A1-43B4-A821-E852C099CFE5}.Debug|iPhoneSimulator.ActiveCfg = Debug|iPhoneSimulator
		{C098F591-42A1-43B4-A821-E852C099CFE5}.Debug|iPhoneSimulator.Build.0 = Debug|iPhoneSimulator
		{C098F591-42A1-43B4-A821-E852C099CFE5}.Debug|x64.ActiveCfg = Debug|iPhone
		{C098F591-42A1-43B4-A821-E852C099CFE5}.Debug|x86.ActiveCfg = Debug|iPhone
		{C098F591-42A1-43B4-A821-E852C099CFE5}.Release|Any CPU.ActiveCfg = Release|iPhone
		{C098F591-42A1-43B4-A821-E852C099CFE5}.Release|ARM.ActiveCfg = Release|iPhone
		{C098F591-42A1-43B4-A821-E852C099CFE5}.Release|ARM64.ActiveCfg = Release|iPhone
		{C098F591-42A1-43B4-A821-E852C099CFE5}.Release|iPhone.ActiveCfg = Release|iPhone
		{C098F591-42A1-43B4-A821-E852C099CFE5}.Release|iPhone.Build.0 = Release|iPhone
		{C098F591-42A1-43B4-A821-E852C099CFE5}.Release|iPhoneSimulator.ActiveCfg = Release|iPhoneSimulator
		{C098F591-42A1-43B4-A821-E852C099CFE5}.Release|iPhoneSimulator.Build.0 = Release|iPhoneSimulator
		{C098F591-42A1-43B4-A821-E852C099CFE5}.Release|x64.ActiveCfg = Release|iPhone
		{C098F591-42A1-43B4-A821-E852C099CFE5}.Release|x86.ActiveCfg = Release|iPhone
		{9559BDA7-34EE-44AE-95A3-40AA84350133}.Ad-Hoc|Any CPU.ActiveCfg = Release|x64
		{9559BDA7-34EE-44AE-95A3-40AA84350133}.Ad-Hoc|Any CPU.Build.0 = Release|x64
		{9559BDA7-34EE-44AE-95A3-40AA84350133}.Ad-Hoc|Any CPU.Deploy.0 = Release|x64
		{9559BDA7-34EE-44AE-95A3-40AA84350133}.Ad-Hoc|ARM.ActiveCfg = Release|ARM
		{9559BDA7-34EE-44AE-95A3-40AA84350133}.Ad-Hoc|ARM.Build.0 = Release|ARM
		{9559BDA7-34EE-44AE-95A3-40AA84350133}.Ad-Hoc|ARM.Deploy.0 = Release|ARM
		{9559BDA7-34EE-44AE-95A3-40AA84350133}.Ad-Hoc|ARM64.ActiveCfg = Release|ARM64
		{9559BDA7-34EE-44AE-95A3-40AA84350133}.Ad-Hoc|ARM64.Build.0 = Release|ARM64
		{9559BDA7-34EE-44AE-95A3-40AA84350133}.Ad-Hoc|ARM64.Deploy.0 = Release|ARM64
		{9559BDA7-34EE-44AE-95A3-40AA84350133}.Ad-Hoc|iPhone.ActiveCfg = Release|x64
		{9559BDA7-34EE-44AE-95A3-40AA84350133}.Ad-Hoc|iPhone.Build.0 = Release|x64
		{9559BDA7-34EE-44AE-95A3-40AA84350133}.Ad-Hoc|iPhone.Deploy.0 = Release|x64
		{9559BDA7-34EE-44AE-95A3-40AA84350133}.Ad-Hoc|iPhoneSimulator.ActiveCfg = Release|x64
		{9559BDA7-34EE-44AE-95A3-40AA84350133}.Ad-Hoc|iPhoneSimulator.Build.0 = Release|x64
		{9559BDA7-34EE-44AE-95A3-40AA84350133}.Ad-Hoc|iPhoneSimulator.Deploy.0 = Release|x64
		{9559BDA7-34EE-44AE-95A3-40AA84350133}.Ad-Hoc|x64.ActiveCfg = Release|x64
		{9559BDA7-34EE-44AE-95A3-40AA84350133}.Ad-Hoc|x64.Build.0 = Release|x64
		{9559BDA7-34EE-44AE-95A3-40AA84350133}.Ad-Hoc|x64.Deploy.0 = Release|x64
		{9559BDA7-34EE-44AE-95A3-40AA84350133}.Ad-Hoc|x86.ActiveCfg = Release|x86
		{9559BDA7-34EE-44AE-95A3-40AA84350133}.Ad-Hoc|x86.Build.0 = Release|x86
		{9559BDA7-34EE-44AE-95A3-40AA84350133}.Ad-Hoc|x86.Deploy.0 = Release|x86
		{9559BDA7-34EE-44AE-95A3-40AA84350133}.AppStore|Any CPU.ActiveCfg = Release|x64
		{9559BDA7-34EE-44AE-95A3-40AA84350133}.AppStore|Any CPU.Build.0 = Release|x64
		{9559BDA7-34EE-44AE-95A3-40AA84350133}.AppStore|Any CPU.Deploy.0 = Release|x64
		{9559BDA7-34EE-44AE-95A3-40AA84350133}.AppStore|ARM.ActiveCfg = Release|ARM
		{9559BDA7-34EE-44AE-95A3-40AA84350133}.AppStore|ARM.Build.0 = Release|ARM
		{9559BDA7-34EE-44AE-95A3-40AA84350133}.AppStore|ARM.Deploy.0 = Release|ARM
		{9559BDA7-34EE-44AE-95A3-40AA84350133}.AppStore|ARM64.ActiveCfg = Release|ARM64
		{9559BDA7-34EE-44AE-95A3-40AA84350133}.AppStore|ARM64.Build.0 = Release|ARM64
		{9559BDA7-34EE-44AE-95A3-40AA84350133}.AppStore|ARM64.Deploy.0 = Release|ARM64
		{9559BDA7-34EE-44AE-95A3-40AA84350133}.AppStore|iPhone.ActiveCfg = Release|x64
		{9559BDA7-34EE-44AE-95A3-40AA84350133}.AppStore|iPhone.Build.0 = Release|x64
		{9559BDA7-34EE-44AE-95A3-40AA84350133}.AppStore|iPhone.Deploy.0 = Release|x64
		{9559BDA7-34EE-44AE-95A3-40AA84350133}.AppStore|iPhoneSimulator.ActiveCfg = Release|x64
		{9559BDA7-34EE-44AE-95A3-40AA84350133}.AppStore|iPhoneSimulator.Build.0 = Release|x64
		{9559BDA7-34EE-44AE-95A3-40AA84350133}.AppStore|iPhoneSimulator.Deploy.0 = Release|x64
		{9559BDA7-34EE-44AE-95A3-40AA84350133}.AppStore|x64.ActiveCfg = Release|x64
		{9559BDA7-34EE-44AE-95A3-40AA84350133}.AppStore|x64.Build.0 = Release|x64
		{9559BDA7-34EE-44AE-95A3-40AA84350133}.AppStore|x64.Deploy.0 = Release|x64
		{9559BDA7-34EE-44AE-95A3-40AA84350133}.AppStore|x86.ActiveCfg = Release|x86
		{9559BDA7-34EE-44AE-95A3-40AA84350133}.AppStore|x86.Build.0 = Release|x86
		{9559BDA7-34EE-44AE-95A3-40AA84350133}.AppStore|x86.Deploy.0 = Release|x86
		{9559BDA7-34EE-44AE-95A3-40AA84350133}.Debug|Any CPU.ActiveCfg = Debug|x86
		{9559BDA7-34EE-44AE-95A3-40AA84350133}.Debug|ARM.ActiveCfg = Debug|ARM
		{9559BDA7-34EE-44AE-95A3-40AA84350133}.Debug|ARM.Build.0 = Debug|ARM
		{9559BDA7-34EE-44AE-95A3-40AA84350133}.Debug|ARM.Deploy.0 = Debug|ARM
		{9559BDA7-34EE-44AE-95A3-40AA84350133}.Debug|ARM64.ActiveCfg = Debug|ARM64
		{9559BDA7-34EE-44AE-95A3-40AA84350133}.Debug|ARM64.Build.0 = Debug|ARM64
		{9559BDA7-34EE-44AE-95A3-40AA84350133}.Debug|ARM64.Deploy.0 = Debug|ARM64
		{9559BDA7-34EE-44AE-95A3-40AA84350133}.Debug|iPhone.ActiveCfg = Debug|x86
		{9559BDA7-34EE-44AE-95A3-40AA84350133}.Debug|iPhoneSimulator.ActiveCfg = Debug|x86
		{9559BDA7-34EE-44AE-95A3-40AA84350133}.Debug|x64.ActiveCfg = Debug|x64
		{9559BDA7-34EE-44AE-95A3-40AA84350133}.Debug|x64.Build.0 = Debug|x64
		{9559BDA7-34EE-44AE-95A3-40AA84350133}.Debug|x64.Deploy.0 = Debug|x64
		{9559BDA7-34EE-44AE-95A3-40AA84350133}.Debug|x86.ActiveCfg = Debug|x86
		{9559BDA7-34EE-44AE-95A3-40AA84350133}.Debug|x86.Build.0 = Debug|x86
		{9559BDA7-34EE-44AE-95A3-40AA84350133}.Debug|x86.Deploy.0 = Debug|x86
		{9559BDA7-34EE-44AE-95A3-40AA84350133}.Release|Any CPU.ActiveCfg = Release|x86
		{9559BDA7-34EE-44AE-95A3-40AA84350133}.Release|ARM.ActiveCfg = Release|ARM
		{9559BDA7-34EE-44AE-95A3-40AA84350133}.Release|ARM.Build.0 = Release|ARM
		{9559BDA7-34EE-44AE-95A3-40AA84350133}.Release|ARM.Deploy.0 = Release|ARM
		{9559BDA7-34EE-44AE-95A3-40AA84350133}.Release|ARM64.ActiveCfg = Release|ARM64
		{9559BDA7-34EE-44AE-95A3-40AA84350133}.Release|ARM64.Build.0 = Release|ARM64
		{9559BDA7-34EE-44AE-95A3-40AA84350133}.Release|ARM64.Deploy.0 = Release|ARM64
		{9559BDA7-34EE-44AE-95A3-40AA84350133}.Release|iPhone.ActiveCfg = Release|x86
		{9559BDA7-34EE-44AE-95A3-40AA84350133}.Release|iPhoneSimulator.ActiveCfg = Release|x86
		{9559BDA7-34EE-44AE-95A3-40AA84350133}.Release|x64.ActiveCfg = Release|x64
		{9559BDA7-34EE-44AE-95A3-40AA84350133}.Release|x64.Build.0 = Release|x64
		{9559BDA7-34EE-44AE-95A3-40AA84350133}.Release|x64.Deploy.0 = Release|x64
		{9559BDA7-34EE-44AE-95A3-40AA84350133}.Release|x86.ActiveCfg = Release|x86
		{9559BDA7-34EE-44AE-95A3-40AA84350133}.Release|x86.Build.0 = Release|x86
		{9559BDA7-34EE-44AE-95A3-40AA84350133}.Release|x86.Deploy.0 = Release|x86
		{E28BE475-40B3-4CE5-B43E-4C760FFCE62E}.Ad-Hoc|Any CPU.ActiveCfg = Debug|Any CPU
		{E28BE475-40B3-4CE5-B43E-4C760FFCE62E}.Ad-Hoc|Any CPU.Build.0 = Debug|Any CPU
		{E28BE475-40B3-4CE5-B43E-4C760FFCE62E}.Ad-Hoc|ARM.ActiveCfg = Debug|Any CPU
		{E28BE475-40B3-4CE5-B43E-4C760FFCE62E}.Ad-Hoc|ARM.Build.0 = Debug|Any CPU
		{E28BE475-40B3-4CE5-B43E-4C760FFCE62E}.Ad-Hoc|ARM64.ActiveCfg = Debug|Any CPU
		{E28BE475-40B3-4CE5-B43E-4C760FFCE62E}.Ad-Hoc|ARM64.Build.0 = Debug|Any CPU
		{E28BE475-40B3-4CE5-B43E-4C760FFCE62E}.Ad-Hoc|iPhone.ActiveCfg = Debug|Any CPU
		{E28BE475-40B3-4CE5-B43E-4C760FFCE62E}.Ad-Hoc|iPhone.Build.0 = Debug|Any CPU
		{E28BE475-40B3-4CE5-B43E-4C760FFCE62E}.Ad-Hoc|iPhoneSimulator.ActiveCfg = Debug|Any CPU
		{E28BE475-40B3-4CE5-B43E-4C760FFCE62E}.Ad-Hoc|iPhoneSimulator.Build.0 = Debug|Any CPU
		{E28BE475-40B3-4CE5-B43E-4C760FFCE62E}.Ad-Hoc|x64.ActiveCfg = Debug|Any CPU
		{E28BE475-40B3-4CE5-B43E-4C760FFCE62E}.Ad-Hoc|x64.Build.0 = Debug|Any CPU
		{E28BE475-40B3-4CE5-B43E-4C760FFCE62E}.Ad-Hoc|x86.ActiveCfg = Debug|Any CPU
		{E28BE475-40B3-4CE5-B43E-4C760FFCE62E}.Ad-Hoc|x86.Build.0 = Debug|Any CPU
		{E28BE475-40B3-4CE5-B43E-4C760FFCE62E}.AppStore|Any CPU.ActiveCfg = Debug|Any CPU
		{E28BE475-40B3-4CE5-B43E-4C760FFCE62E}.AppStore|Any CPU.Build.0 = Debug|Any CPU
		{E28BE475-40B3-4CE5-B43E-4C760FFCE62E}.AppStore|ARM.ActiveCfg = Debug|Any CPU
		{E28BE475-40B3-4CE5-B43E-4C760FFCE62E}.AppStore|ARM.Build.0 = Debug|Any CPU
		{E28BE475-40B3-4CE5-B43E-4C760FFCE62E}.AppStore|ARM64.ActiveCfg = Debug|Any CPU
		{E28BE475-40B3-4CE5-B43E-4C760FFCE62E}.AppStore|ARM64.Build.0 = Debug|Any CPU
		{E28BE475-40B3-4CE5-B43E-4C760FFCE62E}.AppStore|iPhone.ActiveCfg = Debug|Any CPU
		{E28BE475-40B3-4CE5-B43E-4C760FFCE62E}.AppStore|iPhone.Build.0 = Debug|Any CPU
		{E28BE475-40B3-4CE5-B43E-4C760FFCE62E}.AppStore|iPhoneSimulator.ActiveCfg = Debug|Any CPU
		{E28BE475-40B3-4CE5-B43E-4C760FFCE62E}.AppStore|iPhoneSimulator.Build.0 = Debug|Any CPU
		{E28BE475-40B3-4CE5-B43E-4C760FFCE62E}.AppStore|x64.ActiveCfg = Debug|Any CPU
		{E28BE475-40B3-4CE5-B43E-4C760FFCE62E}.AppStore|x64.Build.0 = Debug|Any CPU
		{E28BE475-40B3-4CE5-B43E-4C760FFCE62E}.AppStore|x86.ActiveCfg = Debug|Any CPU
		{E28BE475-40B3-4CE5-B43E-4C760FFCE62E}.AppStore|x86.Build.0 = Debug|Any CPU
		{E28BE475-40B3-4CE5-B43E-4C760FFCE62E}.Debug|Any CPU.ActiveCfg = Debug|Any CPU
		{E28BE475-40B3-4CE5-B43E-4C760FFCE62E}.Debug|Any CPU.Build.0 = Debug|Any CPU
		{E28BE475-40B3-4CE5-B43E-4C760FFCE62E}.Debug|ARM.ActiveCfg = Debug|Any CPU
		{E28BE475-40B3-4CE5-B43E-4C760FFCE62E}.Debug|ARM.Build.0 = Debug|Any CPU
		{E28BE475-40B3-4CE5-B43E-4C760FFCE62E}.Debug|ARM64.ActiveCfg = Debug|Any CPU
		{E28BE475-40B3-4CE5-B43E-4C760FFCE62E}.Debug|ARM64.Build.0 = Debug|Any CPU
		{E28BE475-40B3-4CE5-B43E-4C760FFCE62E}.Debug|iPhone.ActiveCfg = Debug|Any CPU
		{E28BE475-40B3-4CE5-B43E-4C760FFCE62E}.Debug|iPhone.Build.0 = Debug|Any CPU
		{E28BE475-40B3-4CE5-B43E-4C760FFCE62E}.Debug|iPhoneSimulator.ActiveCfg = Debug|Any CPU
		{E28BE475-40B3-4CE5-B43E-4C760FFCE62E}.Debug|iPhoneSimulator.Build.0 = Debug|Any CPU
		{E28BE475-40B3-4CE5-B43E-4C760FFCE62E}.Debug|x64.ActiveCfg = Debug|Any CPU
		{E28BE475-40B3-4CE5-B43E-4C760FFCE62E}.Debug|x64.Build.0 = Debug|Any CPU
		{E28BE475-40B3-4CE5-B43E-4C760FFCE62E}.Debug|x86.ActiveCfg = Debug|Any CPU
		{E28BE475-40B3-4CE5-B43E-4C760FFCE62E}.Debug|x86.Build.0 = Debug|Any CPU
		{E28BE475-40B3-4CE5-B43E-4C760FFCE62E}.Release|Any CPU.ActiveCfg = Release|Any CPU
		{E28BE475-40B3-4CE5-B43E-4C760FFCE62E}.Release|Any CPU.Build.0 = Release|Any CPU
		{E28BE475-40B3-4CE5-B43E-4C760FFCE62E}.Release|ARM.ActiveCfg = Release|Any CPU
		{E28BE475-40B3-4CE5-B43E-4C760FFCE62E}.Release|ARM.Build.0 = Release|Any CPU
		{E28BE475-40B3-4CE5-B43E-4C760FFCE62E}.Release|ARM64.ActiveCfg = Release|Any CPU
		{E28BE475-40B3-4CE5-B43E-4C760FFCE62E}.Release|ARM64.Build.0 = Release|Any CPU
		{E28BE475-40B3-4CE5-B43E-4C760FFCE62E}.Release|iPhone.ActiveCfg = Release|Any CPU
		{E28BE475-40B3-4CE5-B43E-4C760FFCE62E}.Release|iPhone.Build.0 = Release|Any CPU
		{E28BE475-40B3-4CE5-B43E-4C760FFCE62E}.Release|iPhoneSimulator.ActiveCfg = Release|Any CPU
		{E28BE475-40B3-4CE5-B43E-4C760FFCE62E}.Release|iPhoneSimulator.Build.0 = Release|Any CPU
		{E28BE475-40B3-4CE5-B43E-4C760FFCE62E}.Release|x64.ActiveCfg = Release|Any CPU
		{E28BE475-40B3-4CE5-B43E-4C760FFCE62E}.Release|x64.Build.0 = Release|Any CPU
		{E28BE475-40B3-4CE5-B43E-4C760FFCE62E}.Release|x86.ActiveCfg = Release|Any CPU
		{E28BE475-40B3-4CE5-B43E-4C760FFCE62E}.Release|x86.Build.0 = Release|Any CPU
		{2BD96006-EB9E-4AFD-9FA3-B1F73B77AC10}.Ad-Hoc|Any CPU.ActiveCfg = Release|iPhoneSimulator
		{2BD96006-EB9E-4AFD-9FA3-B1F73B77AC10}.Ad-Hoc|Any CPU.Build.0 = Release|iPhoneSimulator
		{2BD96006-EB9E-4AFD-9FA3-B1F73B77AC10}.Ad-Hoc|ARM.ActiveCfg = Release|iPhoneSimulator
		{2BD96006-EB9E-4AFD-9FA3-B1F73B77AC10}.Ad-Hoc|ARM.Build.0 = Release|iPhoneSimulator
		{2BD96006-EB9E-4AFD-9FA3-B1F73B77AC10}.Ad-Hoc|ARM64.ActiveCfg = Release|iPhoneSimulator
		{2BD96006-EB9E-4AFD-9FA3-B1F73B77AC10}.Ad-Hoc|ARM64.Build.0 = Release|iPhoneSimulator
		{2BD96006-EB9E-4AFD-9FA3-B1F73B77AC10}.Ad-Hoc|iPhone.ActiveCfg = Release|iPhoneSimulator
		{2BD96006-EB9E-4AFD-9FA3-B1F73B77AC10}.Ad-Hoc|iPhone.Build.0 = Release|iPhoneSimulator
		{2BD96006-EB9E-4AFD-9FA3-B1F73B77AC10}.Ad-Hoc|iPhoneSimulator.ActiveCfg = Release|iPhoneSimulator
		{2BD96006-EB9E-4AFD-9FA3-B1F73B77AC10}.Ad-Hoc|iPhoneSimulator.Build.0 = Release|iPhoneSimulator
		{2BD96006-EB9E-4AFD-9FA3-B1F73B77AC10}.Ad-Hoc|x64.ActiveCfg = Release|iPhoneSimulator
		{2BD96006-EB9E-4AFD-9FA3-B1F73B77AC10}.Ad-Hoc|x64.Build.0 = Release|iPhoneSimulator
		{2BD96006-EB9E-4AFD-9FA3-B1F73B77AC10}.Ad-Hoc|x86.ActiveCfg = Release|iPhoneSimulator
		{2BD96006-EB9E-4AFD-9FA3-B1F73B77AC10}.Ad-Hoc|x86.Build.0 = Release|iPhoneSimulator
		{2BD96006-EB9E-4AFD-9FA3-B1F73B77AC10}.AppStore|Any CPU.ActiveCfg = Release|iPhoneSimulator
		{2BD96006-EB9E-4AFD-9FA3-B1F73B77AC10}.AppStore|Any CPU.Build.0 = Release|iPhoneSimulator
		{2BD96006-EB9E-4AFD-9FA3-B1F73B77AC10}.AppStore|ARM.ActiveCfg = Release|iPhoneSimulator
		{2BD96006-EB9E-4AFD-9FA3-B1F73B77AC10}.AppStore|ARM.Build.0 = Release|iPhoneSimulator
		{2BD96006-EB9E-4AFD-9FA3-B1F73B77AC10}.AppStore|ARM64.ActiveCfg = Release|iPhoneSimulator
		{2BD96006-EB9E-4AFD-9FA3-B1F73B77AC10}.AppStore|ARM64.Build.0 = Release|iPhoneSimulator
		{2BD96006-EB9E-4AFD-9FA3-B1F73B77AC10}.AppStore|iPhone.ActiveCfg = Release|iPhoneSimulator
		{2BD96006-EB9E-4AFD-9FA3-B1F73B77AC10}.AppStore|iPhone.Build.0 = Release|iPhoneSimulator
		{2BD96006-EB9E-4AFD-9FA3-B1F73B77AC10}.AppStore|iPhoneSimulator.ActiveCfg = Release|iPhoneSimulator
		{2BD96006-EB9E-4AFD-9FA3-B1F73B77AC10}.AppStore|iPhoneSimulator.Build.0 = Release|iPhoneSimulator
		{2BD96006-EB9E-4AFD-9FA3-B1F73B77AC10}.AppStore|x64.ActiveCfg = Release|iPhoneSimulator
		{2BD96006-EB9E-4AFD-9FA3-B1F73B77AC10}.AppStore|x64.Build.0 = Release|iPhoneSimulator
		{2BD96006-EB9E-4AFD-9FA3-B1F73B77AC10}.AppStore|x86.ActiveCfg = Release|iPhoneSimulator
		{2BD96006-EB9E-4AFD-9FA3-B1F73B77AC10}.AppStore|x86.Build.0 = Release|iPhoneSimulator
		{2BD96006-EB9E-4AFD-9FA3-B1F73B77AC10}.Debug|Any CPU.ActiveCfg = Debug|iPhoneSimulator
		{2BD96006-EB9E-4AFD-9FA3-B1F73B77AC10}.Debug|ARM.ActiveCfg = Debug|iPhoneSimulator
		{2BD96006-EB9E-4AFD-9FA3-B1F73B77AC10}.Debug|ARM64.ActiveCfg = Debug|iPhoneSimulator
		{2BD96006-EB9E-4AFD-9FA3-B1F73B77AC10}.Debug|iPhone.ActiveCfg = Debug|iPhoneSimulator
		{2BD96006-EB9E-4AFD-9FA3-B1F73B77AC10}.Debug|iPhoneSimulator.ActiveCfg = Debug|iPhoneSimulator
		{2BD96006-EB9E-4AFD-9FA3-B1F73B77AC10}.Debug|iPhoneSimulator.Build.0 = Debug|iPhoneSimulator
		{2BD96006-EB9E-4AFD-9FA3-B1F73B77AC10}.Debug|x64.ActiveCfg = Debug|iPhoneSimulator
		{2BD96006-EB9E-4AFD-9FA3-B1F73B77AC10}.Debug|x86.ActiveCfg = Debug|iPhoneSimulator
		{2BD96006-EB9E-4AFD-9FA3-B1F73B77AC10}.Release|Any CPU.ActiveCfg = Release|iPhoneSimulator
		{2BD96006-EB9E-4AFD-9FA3-B1F73B77AC10}.Release|ARM.ActiveCfg = Release|iPhoneSimulator
		{2BD96006-EB9E-4AFD-9FA3-B1F73B77AC10}.Release|ARM64.ActiveCfg = Release|iPhoneSimulator
		{2BD96006-EB9E-4AFD-9FA3-B1F73B77AC10}.Release|iPhone.ActiveCfg = Release|iPhoneSimulator
		{2BD96006-EB9E-4AFD-9FA3-B1F73B77AC10}.Release|iPhoneSimulator.ActiveCfg = Release|iPhoneSimulator
		{2BD96006-EB9E-4AFD-9FA3-B1F73B77AC10}.Release|iPhoneSimulator.Build.0 = Release|iPhoneSimulator
		{2BD96006-EB9E-4AFD-9FA3-B1F73B77AC10}.Release|x64.ActiveCfg = Release|iPhoneSimulator
		{2BD96006-EB9E-4AFD-9FA3-B1F73B77AC10}.Release|x86.ActiveCfg = Release|iPhoneSimulator
	EndGlobalSection
	GlobalSection(SolutionProperties) = preSolution
		HideSolutionNode = FALSE
	EndGlobalSection
	GlobalSection(ExtensibilityGlobals) = postSolution
		SolutionGuid = {D79C58E6-AB15-4431-ADF2-CDB4BF1F2157}
	EndGlobalSection
EndGlobal
